// !$*UTF8*$!
{
	archiveVersion = 1;
	classes = {
	};
	objectVersion = 56;
	objects = {

/* Begin PBXBuildFile section */
		967FFECE29831F29002B3110 /* AppDelegate.swift in Sources */ = {isa = PBXBuildFile; fileRef = 967FFECD29831F29002B3110 /* AppDelegate.swift */; };
		967FFED029831F29002B3110 /* SceneDelegate.swift in Sources */ = {isa = PBXBuildFile; fileRef = 967FFECF29831F29002B3110 /* SceneDelegate.swift */; };
		967FFED729831F2B002B3110 /* Assets.xcassets in Resources */ = {isa = PBXBuildFile; fileRef = 967FFED629831F2B002B3110 /* Assets.xcassets */; };
		967FFEDA29831F2B002B3110 /* LaunchScreen.storyboard in Resources */ = {isa = PBXBuildFile; fileRef = 967FFED829831F2B002B3110 /* LaunchScreen.storyboard */; };
		96B1786A2987AD250092F3DD /* MainTableViewCell.swift in Sources */ = {isa = PBXBuildFile; fileRef = 96B178682987AD250092F3DD /* MainTableViewCell.swift */; };
		96B1786B2987AD250092F3DD /* MainTableViewCell.xib in Resources */ = {isa = PBXBuildFile; fileRef = 96B178692987AD250092F3DD /* MainTableViewCell.xib */; };
		96B178752987AE2B0092F3DD /* Alamofire in Frameworks */ = {isa = PBXBuildFile; productRef = 96B178742987AE2B0092F3DD /* Alamofire */; };
		96B178782987AE3B0092F3DD /* Kingfisher in Frameworks */ = {isa = PBXBuildFile; productRef = 96B178772987AE3B0092F3DD /* Kingfisher */; };
		96B1787A2987AE520092F3DD /* ServiceManager.swift in Sources */ = {isa = PBXBuildFile; fileRef = 96B178792987AE520092F3DD /* ServiceManager.swift */; };
		96B1787C2987AEAB0092F3DD /* Service.swift in Sources */ = {isa = PBXBuildFile; fileRef = 96B1787B2987AEAB0092F3DD /* Service.swift */; };
		96B1787E2987AEF00092F3DD /* CurrencyApi.swift in Sources */ = {isa = PBXBuildFile; fileRef = 96B1787D2987AEF00092F3DD /* CurrencyApi.swift */; };
		96B178812987B0E70092F3DD /* MainViewController.swift in Sources */ = {isa = PBXBuildFile; fileRef = 96B1787F2987B0E70092F3DD /* MainViewController.swift */; };
		96B178822987B0E70092F3DD /* MainViewController.xib in Resources */ = {isa = PBXBuildFile; fileRef = 96B178802987B0E70092F3DD /* MainViewController.xib */; };
		96EAD6D929894699004B7BC9 /* ViewModel.swift in Sources */ = {isa = PBXBuildFile; fileRef = 96EAD6D829894699004B7BC9 /* ViewModel.swift */; };
/* End PBXBuildFile section */

/* Begin PBXFileReference section */
		967FFECA29831F29002B3110 /* StockMarketApp.app */ = {isa = PBXFileReference; explicitFileType = wrapper.application; includeInIndex = 0; path = StockMarketApp.app; sourceTree = BUILT_PRODUCTS_DIR; };
		967FFECD29831F29002B3110 /* AppDelegate.swift */ = {isa = PBXFileReference; lastKnownFileType = sourcecode.swift; path = AppDelegate.swift; sourceTree = "<group>"; };
		967FFECF29831F29002B3110 /* SceneDelegate.swift */ = {isa = PBXFileReference; lastKnownFileType = sourcecode.swift; path = SceneDelegate.swift; sourceTree = "<group>"; };
		967FFED629831F2B002B3110 /* Assets.xcassets */ = {isa = PBXFileReference; lastKnownFileType = folder.assetcatalog; path = Assets.xcassets; sourceTree = "<group>"; };
		967FFED929831F2B002B3110 /* Base */ = {isa = PBXFileReference; lastKnownFileType = file.storyboard; name = Base; path = Base.lproj/LaunchScreen.storyboard; sourceTree = "<group>"; };
		967FFEDB29831F2B002B3110 /* Info.plist */ = {isa = PBXFileReference; lastKnownFileType = text.plist.xml; path = Info.plist; sourceTree = "<group>"; };
		96B178682987AD250092F3DD /* MainTableViewCell.swift */ = {isa = PBXFileReference; lastKnownFileType = sourcecode.swift; path = MainTableViewCell.swift; sourceTree = "<group>"; };
		96B178692987AD250092F3DD /* MainTableViewCell.xib */ = {isa = PBXFileReference; lastKnownFileType = file.xib; path = MainTableViewCell.xib; sourceTree = "<group>"; };
		96B178792987AE520092F3DD /* ServiceManager.swift */ = {isa = PBXFileReference; lastKnownFileType = sourcecode.swift; path = ServiceManager.swift; sourceTree = "<group>"; };
		96B1787B2987AEAB0092F3DD /* Service.swift */ = {isa = PBXFileReference; lastKnownFileType = sourcecode.swift; path = Service.swift; sourceTree = "<group>"; };
		96B1787D2987AEF00092F3DD /* CurrencyApi.swift */ = {isa = PBXFileReference; lastKnownFileType = sourcecode.swift; path = CurrencyApi.swift; sourceTree = "<group>"; };
		96B1787F2987B0E70092F3DD /* MainViewController.swift */ = {isa = PBXFileReference; lastKnownFileType = sourcecode.swift; path = MainViewController.swift; sourceTree = "<group>"; };
		96B178802987B0E70092F3DD /* MainViewController.xib */ = {isa = PBXFileReference; lastKnownFileType = file.xib; path = MainViewController.xib; sourceTree = "<group>"; };
		96EAD6D829894699004B7BC9 /* ViewModel.swift */ = {isa = PBXFileReference; lastKnownFileType = sourcecode.swift; path = ViewModel.swift; sourceTree = "<group>"; };
/* End PBXFileReference section */

/* Begin PBXFrameworksBuildPhase section */
		967FFEC729831F29002B3110 /* Frameworks */ = {
			isa = PBXFrameworksBuildPhase;
			buildActionMask = 2147483647;
			files = (
				96B178782987AE3B0092F3DD /* Kingfisher in Frameworks */,
				96B178752987AE2B0092F3DD /* Alamofire in Frameworks */,
			);
			runOnlyForDeploymentPostprocessing = 0;
		};
/* End PBXFrameworksBuildPhase section */

/* Begin PBXGroup section */
		967FFEC129831F29002B3110 = {
			isa = PBXGroup;
			children = (
				967FFECC29831F29002B3110 /* StockMarketApp */,
				967FFECB29831F29002B3110 /* Products */,
			);
			sourceTree = "<group>";
		};
		967FFECB29831F29002B3110 /* Products */ = {
			isa = PBXGroup;
			children = (
				967FFECA29831F29002B3110 /* StockMarketApp.app */,
			);
			name = Products;
			sourceTree = "<group>";
		};
		967FFECC29831F29002B3110 /* StockMarketApp */ = {
			isa = PBXGroup;
			children = (
				96B1786C2987AD370092F3DD /* Supporting Files */,
				96B1786D2987AD630092F3DD /* Network */,
				96B178712987AD910092F3DD /* Api Source */,
				96B178652987ACDA0092F3DD /* Controllers */,
				96B178672987AD0C0092F3DD /* Cells */,
				96B178722987ADC50092F3DD /* ViewModel */,
			);
			path = StockMarketApp;
			sourceTree = "<group>";
		};
		96B178652987ACDA0092F3DD /* Controllers */ = {
			isa = PBXGroup;
			children = (
				96B1787F2987B0E70092F3DD /* MainViewController.swift */,
				96B178802987B0E70092F3DD /* MainViewController.xib */,
			);
			path = Controllers;
			sourceTree = "<group>";
		};
		96B178672987AD0C0092F3DD /* Cells */ = {
			isa = PBXGroup;
			children = (
				96B178682987AD250092F3DD /* MainTableViewCell.swift */,
				96B178692987AD250092F3DD /* MainTableViewCell.xib */,
			);
			path = Cells;
			sourceTree = "<group>";
		};
		96B1786C2987AD370092F3DD /* Supporting Files */ = {
			isa = PBXGroup;
			children = (
				967FFECD29831F29002B3110 /* AppDelegate.swift */,
				967FFECF29831F29002B3110 /* SceneDelegate.swift */,
				967FFED629831F2B002B3110 /* Assets.xcassets */,
				967FFED829831F2B002B3110 /* LaunchScreen.storyboard */,
				967FFEDB29831F2B002B3110 /* Info.plist */,
			);
			name = "Supporting Files";
			sourceTree = "<group>";
		};
		96B1786D2987AD630092F3DD /* Network */ = {
			isa = PBXGroup;
			children = (
				96B1786E2987AD6A0092F3DD /* Manager */,
				96B178702987AD800092F3DD /* Service */,
			);
			path = Network;
			sourceTree = "<group>";
		};
		96B1786E2987AD6A0092F3DD /* Manager */ = {
			isa = PBXGroup;
			children = (
				96B178792987AE520092F3DD /* ServiceManager.swift */,
			);
			path = Manager;
			sourceTree = "<group>";
		};
		96B178702987AD800092F3DD /* Service */ = {
			isa = PBXGroup;
			children = (
				96B1787B2987AEAB0092F3DD /* Service.swift */,
			);
			path = Service;
			sourceTree = "<group>";
		};
		96B178712987AD910092F3DD /* Api Source */ = {
			isa = PBXGroup;
			children = (
				96B1787D2987AEF00092F3DD /* CurrencyApi.swift */,
			);
			path = "Api Source";
			sourceTree = "<group>";
		};
		96B178722987ADC50092F3DD /* ViewModel */ = {
			isa = PBXGroup;
			children = (
				96EAD6D829894699004B7BC9 /* ViewModel.swift */,
			);
			path = ViewModel;
			sourceTree = "<group>";
		};
/* End PBXGroup section */

/* Begin PBXNativeTarget section */
		967FFEC929831F29002B3110 /* StockMarketApp */ = {
			isa = PBXNativeTarget;
			buildConfigurationList = 967FFEDE29831F2B002B3110 /* Build configuration list for PBXNativeTarget "StockMarketApp" */;
			buildPhases = (
				967FFEC629831F29002B3110 /* Sources */,
				967FFEC729831F29002B3110 /* Frameworks */,
				967FFEC829831F29002B3110 /* Resources */,
			);
			buildRules = (
			);
			dependencies = (
			);
			name = StockMarketApp;
			packageProductDependencies = (
				96B178742987AE2B0092F3DD /* Alamofire */,
				96B178772987AE3B0092F3DD /* Kingfisher */,
			);
			productName = StockMarketApp;
			productReference = 967FFECA29831F29002B3110 /* StockMarketApp.app */;
			productType = "com.apple.product-type.application";
		};
/* End PBXNativeTarget section */

/* Begin PBXProject section */
		967FFEC229831F29002B3110 /* Project object */ = {
			isa = PBXProject;
			attributes = {
				BuildIndependentTargetsInParallel = 1;
				LastSwiftUpdateCheck = 1420;
				LastUpgradeCheck = 1420;
				TargetAttributes = {
					967FFEC929831F29002B3110 = {
						CreatedOnToolsVersion = 14.2;
					};
				};
			};
			buildConfigurationList = 967FFEC529831F29002B3110 /* Build configuration list for PBXProject "StockMarketApp" */;
			compatibilityVersion = "Xcode 14.0";
			developmentRegion = en;
			hasScannedForEncodings = 0;
			knownRegions = (
				en,
				Base,
			);
			mainGroup = 967FFEC129831F29002B3110;
			packageReferences = (
				96B178732987AE2B0092F3DD /* XCRemoteSwiftPackageReference "Alamofire" */,
				96B178762987AE3B0092F3DD /* XCRemoteSwiftPackageReference "Kingfisher" */,
			);
			productRefGroup = 967FFECB29831F29002B3110 /* Products */;
			projectDirPath = "";
			projectRoot = "";
			targets = (
				967FFEC929831F29002B3110 /* StockMarketApp */,
			);
		};
/* End PBXProject section */

/* Begin PBXResourcesBuildPhase section */
		967FFEC829831F29002B3110 /* Resources */ = {
			isa = PBXResourcesBuildPhase;
			buildActionMask = 2147483647;
			files = (
				967FFEDA29831F2B002B3110 /* LaunchScreen.storyboard in Resources */,
				96B1786B2987AD250092F3DD /* MainTableViewCell.xib in Resources */,
				967FFED729831F2B002B3110 /* Assets.xcassets in Resources */,
				96B178822987B0E70092F3DD /* MainViewController.xib in Resources */,
			);
			runOnlyForDeploymentPostprocessing = 0;
		};
/* End PBXResourcesBuildPhase section */

/* Begin PBXSourcesBuildPhase section */
		967FFEC629831F29002B3110 /* Sources */ = {
			isa = PBXSourcesBuildPhase;
			buildActionMask = 2147483647;
			files = (
				96B178812987B0E70092F3DD /* MainViewController.swift in Sources */,
				967FFECE29831F29002B3110 /* AppDelegate.swift in Sources */,
				96B1787E2987AEF00092F3DD /* CurrencyApi.swift in Sources */,
				96B1787A2987AE520092F3DD /* ServiceManager.swift in Sources */,
				96B1786A2987AD250092F3DD /* MainTableViewCell.swift in Sources */,
				967FFED029831F29002B3110 /* SceneDelegate.swift in Sources */,
				96EAD6D929894699004B7BC9 /* ViewModel.swift in Sources */,
				96B1787C2987AEAB0092F3DD /* Service.swift in Sources */,
			);
			runOnlyForDeploymentPostprocessing = 0;
		};
/* End PBXSourcesBuildPhase section */

/* Begin PBXVariantGroup section */
		967FFED829831F2B002B3110 /* LaunchScreen.storyboard */ = {
			isa = PBXVariantGroup;
			children = (
				967FFED929831F2B002B3110 /* Base */,
			);
			name = LaunchScreen.storyboard;
			sourceTree = "<group>";
		};
/* End PBXVariantGroup section */

/* Begin XCBuildConfiguration section */
		967FFEDC29831F2B002B3110 /* Debug */ = {
			isa = XCBuildConfiguration;
			buildSettings = {
				ALWAYS_SEARCH_USER_PATHS = NO;
				CLANG_ANALYZER_NONNULL = YES;
				CLANG_ANALYZER_NUMBER_OBJECT_CONVERSION = YES_AGGRESSIVE;
				CLANG_CXX_LANGUAGE_STANDARD = "gnu++20";
				CLANG_ENABLE_MODULES = YES;
				CLANG_ENABLE_OBJC_ARC = YES;
				CLANG_ENABLE_OBJC_WEAK = YES;
				CLANG_WARN_BLOCK_CAPTURE_AUTORELEASING = YES;
				CLANG_WARN_BOOL_CONVERSION = YES;
				CLANG_WARN_COMMA = YES;
				CLANG_WARN_CONSTANT_CONVERSION = YES;
				CLANG_WARN_DEPRECATED_OBJC_IMPLEMENTATIONS = YES;
				CLANG_WARN_DIRECT_OBJC_ISA_USAGE = YES_ERROR;
				CLANG_WARN_DOCUMENTATION_COMMENTS = YES;
				CLANG_WARN_EMPTY_BODY = YES;
				CLANG_WARN_ENUM_CONVERSION = YES;
				CLANG_WARN_INFINITE_RECURSION = YES;
				CLANG_WARN_INT_CONVERSION = YES;
				CLANG_WARN_NON_LITERAL_NULL_CONVERSION = YES;
				CLANG_WARN_OBJC_IMPLICIT_RETAIN_SELF = YES;
				CLANG_WARN_OBJC_LITERAL_CONVERSION = YES;
				CLANG_WARN_OBJC_ROOT_CLASS = YES_ERROR;
				CLANG_WARN_QUOTED_INCLUDE_IN_FRAMEWORK_HEADER = YES;
				CLANG_WARN_RANGE_LOOP_ANALYSIS = YES;
				CLANG_WARN_STRICT_PROTOTYPES = YES;
				CLANG_WARN_SUSPICIOUS_MOVE = YES;
				CLANG_WARN_UNGUARDED_AVAILABILITY = YES_AGGRESSIVE;
				CLANG_WARN_UNREACHABLE_CODE = YES;
				CLANG_WARN__DUPLICATE_METHOD_MATCH = YES;
				COPY_PHASE_STRIP = NO;
				DEBUG_INFORMATION_FORMAT = dwarf;
				ENABLE_STRICT_OBJC_MSGSEND = YES;
				ENABLE_TESTABILITY = YES;
				GCC_C_LANGUAGE_STANDARD = gnu11;
				GCC_DYNAMIC_NO_PIC = NO;
				GCC_NO_COMMON_BLOCKS = YES;
				GCC_OPTIMIZATION_LEVEL = 0;
				GCC_PREPROCESSOR_DEFINITIONS = (
					"DEBUG=1",
					"$(inherited)",
				);
				GCC_WARN_64_TO_32_BIT_CONVERSION = YES;
				GCC_WARN_ABOUT_RETURN_TYPE = YES_ERROR;
				GCC_WARN_UNDECLARED_SELECTOR = YES;
				GCC_WARN_UNINITIALIZED_AUTOS = YES_AGGRESSIVE;
				GCC_WARN_UNUSED_FUNCTION = YES;
				GCC_WARN_UNUSED_VARIABLE = YES;
				IPHONEOS_DEPLOYMENT_TARGET = 16.2;
				MTL_ENABLE_DEBUG_INFO = INCLUDE_SOURCE;
				MTL_FAST_MATH = YES;
				ONLY_ACTIVE_ARCH = YES;
				SDKROOT = iphoneos;
				SWIFT_ACTIVE_COMPILATION_CONDITIONS = DEBUG;
				SWIFT_OPTIMIZATION_LEVEL = "-Onone";
			};
			name = Debug;
		};
		967FFEDD29831F2B002B3110 /* Release */ = {
			isa = XCBuildConfiguration;
			buildSettings = {
				ALWAYS_SEARCH_USER_PATHS = NO;
				CLANG_ANALYZER_NONNULL = YES;
				CLANG_ANALYZER_NUMBER_OBJECT_CONVERSION = YES_AGGRESSIVE;
				CLANG_CXX_LANGUAGE_STANDARD = "gnu++20";
				CLANG_ENABLE_MODULES = YES;
				CLANG_ENABLE_OBJC_ARC = YES;
				CLANG_ENABLE_OBJC_WEAK = YES;
				CLANG_WARN_BLOCK_CAPTURE_AUTORELEASING = YES;
				CLANG_WARN_BOOL_CONVERSION = YES;
				CLANG_WARN_COMMA = YES;
				CLANG_WARN_CONSTANT_CONVERSION = YES;
				CLANG_WARN_DEPRECATED_OBJC_IMPLEMENTATIONS = YES;
				CLANG_WARN_DIRECT_OBJC_ISA_USAGE = YES_ERROR;
				CLANG_WARN_DOCUMENTATION_COMMENTS = YES;
				CLANG_WARN_EMPTY_BODY = YES;
				CLANG_WARN_ENUM_CONVERSION = YES;
				CLANG_WARN_INFINITE_RECURSION = YES;
				CLANG_WARN_INT_CONVERSION = YES;
				CLANG_WARN_NON_LITERAL_NULL_CONVERSION = YES;
				CLANG_WARN_OBJC_IMPLICIT_RETAIN_SELF = YES;
				CLANG_WARN_OBJC_LITERAL_CONVERSION = YES;
				CLANG_WARN_OBJC_ROOT_CLASS = YES_ERROR;
				CLANG_WARN_QUOTED_INCLUDE_IN_FRAMEWORK_HEADER = YES;
				CLANG_WARN_RANGE_LOOP_ANALYSIS = YES;
				CLANG_WARN_STRICT_PROTOTYPES = YES;
				CLANG_WARN_SUSPICIOUS_MOVE = YES;
				CLANG_WARN_UNGUARDED_AVAILABILITY = YES_AGGRESSIVE;
				CLANG_WARN_UNREACHABLE_CODE = YES;
				CLANG_WARN__DUPLICATE_METHOD_MATCH = YES;
				COPY_PHASE_STRIP = NO;
				DEBUG_INFORMATION_FORMAT = "dwarf-with-dsym";
				ENABLE_NS_ASSERTIONS = NO;
				ENABLE_STRICT_OBJC_MSGSEND = YES;
				GCC_C_LANGUAGE_STANDARD = gnu11;
				GCC_NO_COMMON_BLOCKS = YES;
				GCC_WARN_64_TO_32_BIT_CONVERSION = YES;
				GCC_WARN_ABOUT_RETURN_TYPE = YES_ERROR;
				GCC_WARN_UNDECLARED_SELECTOR = YES;
				GCC_WARN_UNINITIALIZED_AUTOS = YES_AGGRESSIVE;
				GCC_WARN_UNUSED_FUNCTION = YES;
				GCC_WARN_UNUSED_VARIABLE = YES;
				IPHONEOS_DEPLOYMENT_TARGET = 16.2;
				MTL_ENABLE_DEBUG_INFO = NO;
				MTL_FAST_MATH = YES;
				SDKROOT = iphoneos;
				SWIFT_COMPILATION_MODE = wholemodule;
				SWIFT_OPTIMIZATION_LEVEL = "-O";
				VALIDATE_PRODUCT = YES;
			};
			name = Release;
		};
		967FFEDF29831F2B002B3110 /* Debug */ = {
			isa = XCBuildConfiguration;
			buildSettings = {
				ASSETCATALOG_COMPILER_APPICON_NAME = AppIcon;
				ASSETCATALOG_COMPILER_GLOBAL_ACCENT_COLOR_NAME = AccentColor;
				CODE_SIGN_STYLE = Automatic;
				CURRENT_PROJECT_VERSION = 1;
				DEVELOPMENT_TEAM = F9V6WPSDK2;
				GENERATE_INFOPLIST_FILE = YES;
				INFOPLIST_FILE = StockMarketApp/Info.plist;
				INFOPLIST_KEY_UIApplicationSupportsIndirectInputEvents = YES;
				INFOPLIST_KEY_UILaunchStoryboardName = LaunchScreen;
				INFOPLIST_KEY_UISupportedInterfaceOrientations_iPad = "UIInterfaceOrientationPortrait UIInterfaceOrientationPortraitUpsideDown UIInterfaceOrientationLandscapeLeft UIInterfaceOrientationLandscapeRight";
				INFOPLIST_KEY_UISupportedInterfaceOrientations_iPhone = "UIInterfaceOrientationPortrait UIInterfaceOrientationLandscapeLeft UIInterfaceOrientationLandscapeRight";
				LD_RUNPATH_SEARCH_PATHS = (
					"$(inherited)",
					"@executable_path/Frameworks",
				);
				MARKETING_VERSION = 1.0;
				PRODUCT_BUNDLE_IDENTIFIER = burrakerden.StockMarketApp;
				PRODUCT_NAME = "$(TARGET_NAME)";
				SWIFT_EMIT_LOC_STRINGS = YES;
				SWIFT_VERSION = 5.0;
				TARGETED_DEVICE_FAMILY = "1,2";
			};
			name = Debug;
		};
		967FFEE029831F2B002B3110 /* Release */ = {
			isa = XCBuildConfiguration;
			buildSettings = {
				ASSETCATALOG_COMPILER_APPICON_NAME = AppIcon;
				ASSETCATALOG_COMPILER_GLOBAL_ACCENT_COLOR_NAME = AccentColor;
				CODE_SIGN_STYLE = Automatic;
				CURRENT_PROJECT_VERSION = 1;
				DEVELOPMENT_TEAM = F9V6WPSDK2;
				GENERATE_INFOPLIST_FILE = YES;
				INFOPLIST_FILE = StockMarketApp/Info.plist;
				INFOPLIST_KEY_UIApplicationSupportsIndirectInputEvents = YES;
				INFOPLIST_KEY_UILaunchStoryboardName = LaunchScreen;
				INFOPLIST_KEY_UISupportedInterfaceOrientations_iPad = "UIInterfaceOrientationPortrait UIInterfaceOrientationPortraitUpsideDown UIInterfaceOrientationLandscapeLeft UIInterfaceOrientationLandscapeRight";
				INFOPLIST_KEY_UISupportedInterfaceOrientations_iPhone = "UIInterfaceOrientationPortrait UIInterfaceOrientationLandscapeLeft UIInterfaceOrientationLandscapeRight";
				LD_RUNPATH_SEARCH_PATHS = (
					"$(inherited)",
					"@executable_path/Frameworks",
				);
				MARKETING_VERSION = 1.0;
				PRODUCT_BUNDLE_IDENTIFIER = burrakerden.StockMarketApp;
				PRODUCT_NAME = "$(TARGET_NAME)";
				SWIFT_EMIT_LOC_STRINGS = YES;
				SWIFT_VERSION = 5.0;
				TARGETED_DEVICE_FAMILY = "1,2";
			};
			name = Release;
		};
/* End XCBuildConfiguration section */

/* Begin XCConfigurationList section */
		967FFEC529831F29002B3110 /* Build configuration list for PBXProject "StockMarketApp" */ = {
			isa = XCConfigurationList;
			buildConfigurations = (
				967FFEDC29831F2B002B3110 /* Debug */,
				967FFEDD29831F2B002B3110 /* Release */,
			);
			defaultConfigurationIsVisible = 0;
			defaultConfigurationName = Release;
		};
		967FFEDE29831F2B002B3110 /* Build configuration list for PBXNativeTarget "StockMarketApp" */ = {
			isa = XCConfigurationList;
			buildConfigurations = (
				967FFEDF29831F2B002B3110 /* Debug */,
				967FFEE029831F2B002B3110 /* Release */,
			);
			defaultConfigurationIsVisible = 0;
			defaultConfigurationName = Release;
		};
/* End XCConfigurationList section */

/* Begin XCRemoteSwiftPackageReference section */
		96B178732987AE2B0092F3DD /* XCRemoteSwiftPackageReference "Alamofire" */ = {
			isa = XCRemoteSwiftPackageReference;
			repositoryURL = "https://github.com/Alamofire/Alamofire.git";
			requirement = {
				branch = master;
				kind = branch;
			};
		};
		96B178762987AE3B0092F3DD /* XCRemoteSwiftPackageReference "Kingfisher" */ = {
			isa = XCRemoteSwiftPackageReference;
			repositoryURL = "https://github.com/onevcat/Kingfisher.git";
			requirement = {
				branch = master;
				kind = branch;
			};
		};
/* End XCRemoteSwiftPackageReference section */

/* Begin XCSwiftPackageProductDependency section */
		96B178742987AE2B0092F3DD /* Alamofire */ = {
			isa = XCSwiftPackageProductDependency;
			package = 96B178732987AE2B0092F3DD /* XCRemoteSwiftPackageReference "Alamofire" */;
			productName = Alamofire;
		};
		96B178772987AE3B0092F3DD /* Kingfisher */ = {
			isa = XCSwiftPackageProductDependency;
			package = 96B178762987AE3B0092F3DD /* XCRemoteSwiftPackageReference "Kingfisher" */;
			productName = Kingfisher;
		};
/* End XCSwiftPackageProductDependency section */
	};
	rootObject = 967FFEC229831F29002B3110 /* Project object */;
}
